
Microsoft Visual Studio Solution File, Format Version 12.00
# Visual Studio 15
VisualStudioVersion = 15.0.28307.757
MinimumVisualStudioVersion = 10.0.40219.1
Project("{FAE04EC0-301F-11D3-BF4B-00C04F79EFBC}") = "AdventOfCode", "AdventOfCode\AdventOfCode.csproj", "{5023FCCD-2795-40AE-828E-DD92E14D59A6}"
EndProject
Project("{FAE04EC0-301F-11D3-BF4B-00C04F79EFBC}") = "Helpers", "Helpers\Helpers.csproj", "{75756426-5FF3-4FDE-A713-8B6132ECDBF7}"
EndProject
Global
	GlobalSection(SolutionConfigurationPlatforms) = preSolution
		Debug|Any CPU = Debug|Any CPU
		Release|Any CPU = Release|Any CPU
	EndGlobalSection
	GlobalSection(ProjectConfigurationPlatforms) = postSolution
		{5023FCCD-2795-40AE-828E-DD92E14D59A6}.Debug|Any CPU.ActiveCfg = Debug|Any CPU
		{5023FCCD-2795-40AE-828E-DD92E14D59A6}.Debug|Any CPU.Build.0 = Debug|Any CPU
		{5023FCCD-2795-40AE-828E-DD92E14D59A6}.Release|Any CPU.ActiveCfg = Release|Any CPU
		{5023FCCD-2795-40AE-828E-DD92E14D59A6}.Release|Any CPU.Build.0 = Release|Any CPU
		{75756426-5FF3-4FDE-A713-8B6132ECDBF7}.Debug|Any CPU.ActiveCfg = Debug|Any CPU
		{75756426-5FF3-4FDE-A713-8B6132ECDBF7}.Debug|Any CPU.Build.0 = Debug|Any CPU
		{75756426-5FF3-4FDE-A713-8B6132ECDBF7}.Release|Any CPU.ActiveCfg = Release|Any CPU
		{75756426-5FF3-4FDE-A713-8B6132ECDBF7}.Release|Any CPU.Build.0 = Release|Any CPU
	EndGlobalSection
	GlobalSection(SolutionProperties) = preSolution
		HideSolutionNode = FALSE
	EndGlobalSection
	GlobalSection(ExtensibilityGlobals) = postSolution
		SolutionGuid = {CCC084E1-283C-47B7-B0B4-F5DFA262A867}
	EndGlobalSection
EndGlobal
